
Microsoft Visual Studio Solution File, Format Version 12.00
# Visual Studio Version 17
VisualStudioVersion = 17.4.33205.214
MinimumVisualStudioVersion = 10.0.40219.1
Project("{FAE04EC0-301F-11D3-BF4B-00C04F79EFBC}") = "postgre", "postgre.csproj", "{30F4BDDB-C28F-462F-AEEE-DBF1CF72BBD3}"
EndProject
Global
	GlobalSection(SolutionConfigurationPlatforms) = preSolution
		Debug|Any CPU = Debug|Any CPU
		Release|Any CPU = Release|Any CPU
	EndGlobalSection
	GlobalSection(ProjectConfigurationPlatforms) = postSolution
		{30F4BDDB-C28F-462F-AEEE-DBF1CF72BBD3}.Debug|Any CPU.ActiveCfg = Debug|Any CPU
		{30F4BDDB-C28F-462F-AEEE-DBF1CF72BBD3}.Debug|Any CPU.Build.0 = Debug|Any CPU
		{30F4BDDB-C28F-462F-AEEE-DBF1CF72BBD3}.Release|Any CPU.ActiveCfg = Release|Any CPU
		{30F4BDDB-C28F-462F-AEEE-DBF1CF72BBD3}.Release|Any CPU.Build.0 = Release|Any CPU
	EndGlobalSection
	GlobalSection(SolutionProperties) = preSolution
		HideSolutionNode = FALSE
	EndGlobalSection
	GlobalSection(ExtensibilityGlobals) = postSolution
		SolutionGuid = {53370317-32F0-41E3-9890-E765CFB1E7DB}
	EndGlobalSection
EndGlobal
